
Microsoft Visual Studio Solution File, Format Version 12.00
# Visual Studio Version 16
VisualStudioVersion = 16.0.30804.86
MinimumVisualStudioVersion = 10.0.40219.1
Project("{2150E333-8FDC-42A3-9474-1A3956D46DE8}") = "Services", "Services", "{7638C526-BA28-434F-A69B-FADB2E05B96C}"
EndProject
Project("{2150E333-8FDC-42A3-9474-1A3956D46DE8}") = "Catalog", "Catalog", "{4AB95D89-9678-49FD-8F90-0C65144C7D0B}"
EndProject
Project("{FAE04EC0-301F-11D3-BF4B-00C04F79EFBC}") = "Catalog.API", "Services\Catalog\Catalog.API\Catalog.API.csproj", "{80774400-BD41-4DF1-9BF2-6DAADE0E4D1E}"
EndProject
Global
	GlobalSection(SolutionConfigurationPlatforms) = preSolution
		Debug|Any CPU = Debug|Any CPU
		Release|Any CPU = Release|Any CPU
	EndGlobalSection
	GlobalSection(ProjectConfigurationPlatforms) = postSolution
		{80774400-BD41-4DF1-9BF2-6DAADE0E4D1E}.Debug|Any CPU.ActiveCfg = Debug|Any CPU
		{80774400-BD41-4DF1-9BF2-6DAADE0E4D1E}.Debug|Any CPU.Build.0 = Debug|Any CPU
		{80774400-BD41-4DF1-9BF2-6DAADE0E4D1E}.Release|Any CPU.ActiveCfg = Release|Any CPU
		{80774400-BD41-4DF1-9BF2-6DAADE0E4D1E}.Release|Any CPU.Build.0 = Release|Any CPU
	EndGlobalSection
	GlobalSection(SolutionProperties) = preSolution
		HideSolutionNode = FALSE
	EndGlobalSection
	GlobalSection(NestedProjects) = preSolution
		{4AB95D89-9678-49FD-8F90-0C65144C7D0B} = {7638C526-BA28-434F-A69B-FADB2E05B96C}
		{80774400-BD41-4DF1-9BF2-6DAADE0E4D1E} = {4AB95D89-9678-49FD-8F90-0C65144C7D0B}
	EndGlobalSection
	GlobalSection(ExtensibilityGlobals) = postSolution
		SolutionGuid = {11060C6A-B528-44C0-B611-DD6C9AC2A1EA}
	EndGlobalSection
EndGlobal
